// !$*UTF8*$!
{
	archiveVersion = 1;
	classes = {
	};
	objectVersion = 50;
	objects = {

/* Begin PBXBuildFile section */
		25BA7E2262B860BFD072477D /* Pods_ParseChatUITests.framework in Frameworks */ = {isa = PBXBuildFile; fileRef = 445800301BDD1822D80EEB60 /* Pods_ParseChatUITests.framework */; };
		721059A52283F2DF0029CF3B /* AppDelegate.swift in Sources */ = {isa = PBXBuildFile; fileRef = 721059A42283F2DF0029CF3B /* AppDelegate.swift */; };
		721059AA2283F2DF0029CF3B /* Main.storyboard in Resources */ = {isa = PBXBuildFile; fileRef = 721059A82283F2DF0029CF3B /* Main.storyboard */; };
		721059AC2283F2E10029CF3B /* Assets.xcassets in Resources */ = {isa = PBXBuildFile; fileRef = 721059AB2283F2E10029CF3B /* Assets.xcassets */; };
		721059AF2283F2E10029CF3B /* LaunchScreen.storyboard in Resources */ = {isa = PBXBuildFile; fileRef = 721059AD2283F2E10029CF3B /* LaunchScreen.storyboard */; };
		721059BA2283F2E10029CF3B /* ParseChatTests.swift in Sources */ = {isa = PBXBuildFile; fileRef = 721059B92283F2E10029CF3B /* ParseChatTests.swift */; };
		721059C52283F2E10029CF3B /* ParseChatUITests.swift in Sources */ = {isa = PBXBuildFile; fileRef = 721059C42283F2E10029CF3B /* ParseChatUITests.swift */; };
		7296BA1B2283F621009D9F08 /* LoginViewController.swift in Sources */ = {isa = PBXBuildFile; fileRef = 7296BA1A2283F621009D9F08 /* LoginViewController.swift */; };
		7296BA1D2283F9B7009D9F08 /* ChatTableViewController.swift in Sources */ = {isa = PBXBuildFile; fileRef = 7296BA1C2283F9B7009D9F08 /* ChatTableViewController.swift */; };
		88FE40646F9BF271D435405C /* Pods_ParseChatTests.framework in Frameworks */ = {isa = PBXBuildFile; fileRef = 3E19B761AD6D4FE3848936D8 /* Pods_ParseChatTests.framework */; };
		EC565FB6287870699EC58BDB /* Pods_ParseChat.framework in Frameworks */ = {isa = PBXBuildFile; fileRef = 7B9673D89ACB17B5C0EB4270 /* Pods_ParseChat.framework */; };
/* End PBXBuildFile section */

/* Begin PBXContainerItemProxy section */
		721059B62283F2E10029CF3B /* PBXContainerItemProxy */ = {
			isa = PBXContainerItemProxy;
			containerPortal = 721059992283F2DF0029CF3B /* Project object */;
			proxyType = 1;
			remoteGlobalIDString = 721059A02283F2DF0029CF3B;
			remoteInfo = ParseChat;
		};
		721059C12283F2E10029CF3B /* PBXContainerItemProxy */ = {
			isa = PBXContainerItemProxy;
			containerPortal = 721059992283F2DF0029CF3B /* Project object */;
			proxyType = 1;
			remoteGlobalIDString = 721059A02283F2DF0029CF3B;
			remoteInfo = ParseChat;
		};
/* End PBXContainerItemProxy section */

/* Begin PBXFileReference section */
		14672B8A48024CD53C8C91C9 /* Pods-ParseChat.release.xcconfig */ = {isa = PBXFileReference; includeInIndex = 1; lastKnownFileType = text.xcconfig; name = "Pods-ParseChat.release.xcconfig"; path = "Target Support Files/Pods-ParseChat/Pods-ParseChat.release.xcconfig"; sourceTree = "<group>"; };
		3E19B761AD6D4FE3848936D8 /* Pods_ParseChatTests.framework */ = {isa = PBXFileReference; explicitFileType = wrapper.framework; includeInIndex = 0; path = Pods_ParseChatTests.framework; sourceTree = BUILT_PRODUCTS_DIR; };
		445800301BDD1822D80EEB60 /* Pods_ParseChatUITests.framework */ = {isa = PBXFileReference; explicitFileType = wrapper.framework; includeInIndex = 0; path = Pods_ParseChatUITests.framework; sourceTree = BUILT_PRODUCTS_DIR; };
		7196963BF98501469FCC5FF3 /* Pods-ParseChatUITests.release.xcconfig */ = {isa = PBXFileReference; includeInIndex = 1; lastKnownFileType = text.xcconfig; name = "Pods-ParseChatUITests.release.xcconfig"; path = "Target Support Files/Pods-ParseChatUITests/Pods-ParseChatUITests.release.xcconfig"; sourceTree = "<group>"; };
		721059A12283F2DF0029CF3B /* ParseChat.app */ = {isa = PBXFileReference; explicitFileType = wrapper.application; includeInIndex = 0; path = ParseChat.app; sourceTree = BUILT_PRODUCTS_DIR; };
		721059A42283F2DF0029CF3B /* AppDelegate.swift */ = {isa = PBXFileReference; lastKnownFileType = sourcecode.swift; path = AppDelegate.swift; sourceTree = "<group>"; };
		721059A92283F2DF0029CF3B /* Base */ = {isa = PBXFileReference; lastKnownFileType = file.storyboard; name = Base; path = Base.lproj/Main.storyboard; sourceTree = "<group>"; };
		721059AB2283F2E10029CF3B /* Assets.xcassets */ = {isa = PBXFileReference; lastKnownFileType = folder.assetcatalog; path = Assets.xcassets; sourceTree = "<group>"; };
		721059AE2283F2E10029CF3B /* Base */ = {isa = PBXFileReference; lastKnownFileType = file.storyboard; name = Base; path = Base.lproj/LaunchScreen.storyboard; sourceTree = "<group>"; };
		721059B02283F2E10029CF3B /* Info.plist */ = {isa = PBXFileReference; lastKnownFileType = text.plist.xml; path = Info.plist; sourceTree = "<group>"; };
		721059B52283F2E10029CF3B /* ParseChatTests.xctest */ = {isa = PBXFileReference; explicitFileType = wrapper.cfbundle; includeInIndex = 0; path = ParseChatTests.xctest; sourceTree = BUILT_PRODUCTS_DIR; };
		721059B92283F2E10029CF3B /* ParseChatTests.swift */ = {isa = PBXFileReference; lastKnownFileType = sourcecode.swift; path = ParseChatTests.swift; sourceTree = "<group>"; };
		721059BB2283F2E10029CF3B /* Info.plist */ = {isa = PBXFileReference; lastKnownFileType = text.plist.xml; path = Info.plist; sourceTree = "<group>"; };
		721059C02283F2E10029CF3B /* ParseChatUITests.xctest */ = {isa = PBXFileReference; explicitFileType = wrapper.cfbundle; includeInIndex = 0; path = ParseChatUITests.xctest; sourceTree = BUILT_PRODUCTS_DIR; };
		721059C42283F2E10029CF3B /* ParseChatUITests.swift */ = {isa = PBXFileReference; lastKnownFileType = sourcecode.swift; path = ParseChatUITests.swift; sourceTree = "<group>"; };
		721059C62283F2E10029CF3B /* Info.plist */ = {isa = PBXFileReference; lastKnownFileType = text.plist.xml; path = Info.plist; sourceTree = "<group>"; };
		7296BA1A2283F621009D9F08 /* LoginViewController.swift */ = {isa = PBXFileReference; lastKnownFileType = sourcecode.swift; path = LoginViewController.swift; sourceTree = "<group>"; };
		7296BA1C2283F9B7009D9F08 /* ChatTableViewController.swift */ = {isa = PBXFileReference; lastKnownFileType = sourcecode.swift; path = ChatTableViewController.swift; sourceTree = "<group>"; };
		7B9673D89ACB17B5C0EB4270 /* Pods_ParseChat.framework */ = {isa = PBXFileReference; explicitFileType = wrapper.framework; includeInIndex = 0; path = Pods_ParseChat.framework; sourceTree = BUILT_PRODUCTS_DIR; };
		8CBD887224D6A223175230CF /* Pods-ParseChatTests.debug.xcconfig */ = {isa = PBXFileReference; includeInIndex = 1; lastKnownFileType = text.xcconfig; name = "Pods-ParseChatTests.debug.xcconfig"; path = "Target Support Files/Pods-ParseChatTests/Pods-ParseChatTests.debug.xcconfig"; sourceTree = "<group>"; };
		B9B0F6612E53458DF9C75863 /* Pods-ParseChat.debug.xcconfig */ = {isa = PBXFileReference; includeInIndex = 1; lastKnownFileType = text.xcconfig; name = "Pods-ParseChat.debug.xcconfig"; path = "Target Support Files/Pods-ParseChat/Pods-ParseChat.debug.xcconfig"; sourceTree = "<group>"; };
		D18D2102938AC7F5B35BC29A /* Pods-ParseChatUITests.debug.xcconfig */ = {isa = PBXFileReference; includeInIndex = 1; lastKnownFileType = text.xcconfig; name = "Pods-ParseChatUITests.debug.xcconfig"; path = "Target Support Files/Pods-ParseChatUITests/Pods-ParseChatUITests.debug.xcconfig"; sourceTree = "<group>"; };
		F7885C3D8EC4C59241CE4441 /* Pods-ParseChatTests.release.xcconfig */ = {isa = PBXFileReference; includeInIndex = 1; lastKnownFileType = text.xcconfig; name = "Pods-ParseChatTests.release.xcconfig"; path = "Target Support Files/Pods-ParseChatTests/Pods-ParseChatTests.release.xcconfig"; sourceTree = "<group>"; };
/* End PBXFileReference section */

/* Begin PBXFrameworksBuildPhase section */
		7210599E2283F2DF0029CF3B /* Frameworks */ = {
			isa = PBXFrameworksBuildPhase;
			buildActionMask = 2147483647;
			files = (
				EC565FB6287870699EC58BDB /* Pods_ParseChat.framework in Frameworks */,
			);
			runOnlyForDeploymentPostprocessing = 0;
		};
		721059B22283F2E10029CF3B /* Frameworks */ = {
			isa = PBXFrameworksBuildPhase;
			buildActionMask = 2147483647;
			files = (
				88FE40646F9BF271D435405C /* Pods_ParseChatTests.framework in Frameworks */,
			);
			runOnlyForDeploymentPostprocessing = 0;
		};
		721059BD2283F2E10029CF3B /* Frameworks */ = {
			isa = PBXFrameworksBuildPhase;
			buildActionMask = 2147483647;
			files = (
				25BA7E2262B860BFD072477D /* Pods_ParseChatUITests.framework in Frameworks */,
			);
			runOnlyForDeploymentPostprocessing = 0;
		};
/* End PBXFrameworksBuildPhase section */

/* Begin PBXGroup section */
		20738327439132081F862D40 /* Frameworks */ = {
			isa = PBXGroup;
			children = (
				7B9673D89ACB17B5C0EB4270 /* Pods_ParseChat.framework */,
				3E19B761AD6D4FE3848936D8 /* Pods_ParseChatTests.framework */,
				445800301BDD1822D80EEB60 /* Pods_ParseChatUITests.framework */,
			);
			name = Frameworks;
			sourceTree = "<group>";
		};
		4923E1AC0D87A2BC406CE2BD /* Pods */ = {
			isa = PBXGroup;
			children = (
				B9B0F6612E53458DF9C75863 /* Pods-ParseChat.debug.xcconfig */,
				14672B8A48024CD53C8C91C9 /* Pods-ParseChat.release.xcconfig */,
				8CBD887224D6A223175230CF /* Pods-ParseChatTests.debug.xcconfig */,
				F7885C3D8EC4C59241CE4441 /* Pods-ParseChatTests.release.xcconfig */,
				D18D2102938AC7F5B35BC29A /* Pods-ParseChatUITests.debug.xcconfig */,
				7196963BF98501469FCC5FF3 /* Pods-ParseChatUITests.release.xcconfig */,
			);
			path = Pods;
			sourceTree = "<group>";
		};
		721059982283F2DF0029CF3B = {
			isa = PBXGroup;
			children = (
				721059A32283F2DF0029CF3B /* ParseChat */,
				721059B82283F2E10029CF3B /* ParseChatTests */,
				721059C32283F2E10029CF3B /* ParseChatUITests */,
				721059A22283F2DF0029CF3B /* Products */,
				4923E1AC0D87A2BC406CE2BD /* Pods */,
				20738327439132081F862D40 /* Frameworks */,
			);
			sourceTree = "<group>";
		};
		721059A22283F2DF0029CF3B /* Products */ = {
			isa = PBXGroup;
			children = (
				721059A12283F2DF0029CF3B /* ParseChat.app */,
				721059B52283F2E10029CF3B /* ParseChatTests.xctest */,
				721059C02283F2E10029CF3B /* ParseChatUITests.xctest */,
			);
			name = Products;
			sourceTree = "<group>";
		};
		721059A32283F2DF0029CF3B /* ParseChat */ = {
			isa = PBXGroup;
			children = (
				721059D42283F2FA0029CF3B /* Storyboards */,
				721059D32283F2F60029CF3B /* Cells */,
				721059D22283F2EC0029CF3B /* View Controllers */,
				721059A42283F2DF0029CF3B /* AppDelegate.swift */,
				721059AB2283F2E10029CF3B /* Assets.xcassets */,
				721059B02283F2E10029CF3B /* Info.plist */,
			);
			path = ParseChat;
			sourceTree = "<group>";
		};
		721059B82283F2E10029CF3B /* ParseChatTests */ = {
			isa = PBXGroup;
			children = (
				721059B92283F2E10029CF3B /* ParseChatTests.swift */,
				721059BB2283F2E10029CF3B /* Info.plist */,
			);
			path = ParseChatTests;
			sourceTree = "<group>";
		};
		721059C32283F2E10029CF3B /* ParseChatUITests */ = {
			isa = PBXGroup;
			children = (
				721059C42283F2E10029CF3B /* ParseChatUITests.swift */,
				721059C62283F2E10029CF3B /* Info.plist */,
			);
			path = ParseChatUITests;
			sourceTree = "<group>";
		};
		721059D22283F2EC0029CF3B /* View Controllers */ = {
			isa = PBXGroup;
			children = (
				7296BA1A2283F621009D9F08 /* LoginViewController.swift */,
				7296BA1C2283F9B7009D9F08 /* ChatTableViewController.swift */,
			);
			path = "View Controllers";
			sourceTree = "<group>";
		};
		721059D32283F2F60029CF3B /* Cells */ = {
			isa = PBXGroup;
			children = (
			);
			path = Cells;
			sourceTree = "<group>";
		};
		721059D42283F2FA0029CF3B /* Storyboards */ = {
			isa = PBXGroup;
			children = (
				721059A82283F2DF0029CF3B /* Main.storyboard */,
				721059AD2283F2E10029CF3B /* LaunchScreen.storyboard */,
			);
			path = Storyboards;
			sourceTree = "<group>";
		};
/* End PBXGroup section */

/* Begin PBXNativeTarget section */
		721059A02283F2DF0029CF3B /* ParseChat */ = {
			isa = PBXNativeTarget;
			buildConfigurationList = 721059C92283F2E10029CF3B /* Build configuration list for PBXNativeTarget "ParseChat" */;
			buildPhases = (
				C25EA02A52DF78E0814D41EC /* [CP] Check Pods Manifest.lock */,
				7210599D2283F2DF0029CF3B /* Sources */,
				7210599E2283F2DF0029CF3B /* Frameworks */,
				7210599F2283F2DF0029CF3B /* Resources */,
				9F32FC834B422713F558118A /* [CP] Embed Pods Frameworks */,
			);
			buildRules = (
			);
			dependencies = (
			);
			name = ParseChat;
			productName = ParseChat;
			productReference = 721059A12283F2DF0029CF3B /* ParseChat.app */;
			productType = "com.apple.product-type.application";
		};
		721059B42283F2E10029CF3B /* ParseChatTests */ = {
			isa = PBXNativeTarget;
			buildConfigurationList = 721059CC2283F2E10029CF3B /* Build configuration list for PBXNativeTarget "ParseChatTests" */;
			buildPhases = (
				FF05AEA71EF24FC11A842FE4 /* [CP] Check Pods Manifest.lock */,
				721059B12283F2E10029CF3B /* Sources */,
				721059B22283F2E10029CF3B /* Frameworks */,
				721059B32283F2E10029CF3B /* Resources */,
			);
			buildRules = (
			);
			dependencies = (
				721059B72283F2E10029CF3B /* PBXTargetDependency */,
			);
			name = ParseChatTests;
			productName = ParseChatTests;
			productReference = 721059B52283F2E10029CF3B /* ParseChatTests.xctest */;
			productType = "com.apple.product-type.bundle.unit-test";
		};
		721059BF2283F2E10029CF3B /* ParseChatUITests */ = {
			isa = PBXNativeTarget;
			buildConfigurationList = 721059CF2283F2E10029CF3B /* Build configuration list for PBXNativeTarget "ParseChatUITests" */;
			buildPhases = (
				8E3C748C85B67441A14E3E0F /* [CP] Check Pods Manifest.lock */,
				721059BC2283F2E10029CF3B /* Sources */,
				721059BD2283F2E10029CF3B /* Frameworks */,
				721059BE2283F2E10029CF3B /* Resources */,
			);
			buildRules = (
			);
			dependencies = (
				721059C22283F2E10029CF3B /* PBXTargetDependency */,
			);
			name = ParseChatUITests;
			productName = ParseChatUITests;
			productReference = 721059C02283F2E10029CF3B /* ParseChatUITests.xctest */;
			productType = "com.apple.product-type.bundle.ui-testing";
		};
/* End PBXNativeTarget section */

/* Begin PBXProject section */
		721059992283F2DF0029CF3B /* Project object */ = {
			isa = PBXProject;
			attributes = {
				LastSwiftUpdateCheck = 1020;
				LastUpgradeCheck = 1020;
				ORGANIZATIONNAME = "Philip Yu";
				TargetAttributes = {
					721059A02283F2DF0029CF3B = {
						CreatedOnToolsVersion = 10.2.1;
					};
					721059B42283F2E10029CF3B = {
						CreatedOnToolsVersion = 10.2.1;
						TestTargetID = 721059A02283F2DF0029CF3B;
					};
					721059BF2283F2E10029CF3B = {
						CreatedOnToolsVersion = 10.2.1;
						TestTargetID = 721059A02283F2DF0029CF3B;
					};
				};
			};
			buildConfigurationList = 7210599C2283F2DF0029CF3B /* Build configuration list for PBXProject "ParseChat" */;
			compatibilityVersion = "Xcode 9.3";
			developmentRegion = en;
			hasScannedForEncodings = 0;
			knownRegions = (
				en,
				Base,
			);
			mainGroup = 721059982283F2DF0029CF3B;
			productRefGroup = 721059A22283F2DF0029CF3B /* Products */;
			projectDirPath = "";
			projectRoot = "";
			targets = (
				721059A02283F2DF0029CF3B /* ParseChat */,
				721059B42283F2E10029CF3B /* ParseChatTests */,
				721059BF2283F2E10029CF3B /* ParseChatUITests */,
			);
		};
/* End PBXProject section */

/* Begin PBXResourcesBuildPhase section */
		7210599F2283F2DF0029CF3B /* Resources */ = {
			isa = PBXResourcesBuildPhase;
			buildActionMask = 2147483647;
			files = (
				721059AF2283F2E10029CF3B /* LaunchScreen.storyboard in Resources */,
				721059AC2283F2E10029CF3B /* Assets.xcassets in Resources */,
				721059AA2283F2DF0029CF3B /* Main.storyboard in Resources */,
			);
			runOnlyForDeploymentPostprocessing = 0;
		};
		721059B32283F2E10029CF3B /* Resources */ = {
			isa = PBXResourcesBuildPhase;
			buildActionMask = 2147483647;
			files = (
			);
			runOnlyForDeploymentPostprocessing = 0;
		};
		721059BE2283F2E10029CF3B /* Resources */ = {
			isa = PBXResourcesBuildPhase;
			buildActionMask = 2147483647;
			files = (
			);
			runOnlyForDeploymentPostprocessing = 0;
		};
/* End PBXResourcesBuildPhase section */

/* Begin PBXShellScriptBuildPhase section */
		8E3C748C85B67441A14E3E0F /* [CP] Check Pods Manifest.lock */ = {
			isa = PBXShellScriptBuildPhase;
			buildActionMask = 2147483647;
			files = (
			);
			inputFileListPaths = (
			);
			inputPaths = (
				"${PODS_PODFILE_DIR_PATH}/Podfile.lock",
				"${PODS_ROOT}/Manifest.lock",
			);
			name = "[CP] Check Pods Manifest.lock";
			outputFileListPaths = (
			);
			outputPaths = (
				"$(DERIVED_FILE_DIR)/Pods-ParseChatUITests-checkManifestLockResult.txt",
			);
			runOnlyForDeploymentPostprocessing = 0;
			shellPath = /bin/sh;
			shellScript = "diff \"${PODS_PODFILE_DIR_PATH}/Podfile.lock\" \"${PODS_ROOT}/Manifest.lock\" > /dev/null\nif [ $? != 0 ] ; then\n    # print error to STDERR\n    echo \"error: The sandbox is not in sync with the Podfile.lock. Run 'pod install' or update your CocoaPods installation.\" >&2\n    exit 1\nfi\n# This output is used by Xcode 'outputs' to avoid re-running this script phase.\necho \"SUCCESS\" > \"${SCRIPT_OUTPUT_FILE_0}\"\n";
			showEnvVarsInLog = 0;
		};
		9F32FC834B422713F558118A /* [CP] Embed Pods Frameworks */ = {
			isa = PBXShellScriptBuildPhase;
			buildActionMask = 2147483647;
			files = (
			);
			inputFileListPaths = (
			);
			inputPaths = (
				"${PODS_ROOT}/Target Support Files/Pods-ParseChat/Pods-ParseChat-frameworks.sh",
				"${BUILT_PRODUCTS_DIR}/Bolts/Bolts.framework",
				"${BUILT_PRODUCTS_DIR}/Parse/Parse.framework",
			);
			name = "[CP] Embed Pods Frameworks";
			outputFileListPaths = (
			);
			outputPaths = (
				"${TARGET_BUILD_DIR}/${FRAMEWORKS_FOLDER_PATH}/Bolts.framework",
				"${TARGET_BUILD_DIR}/${FRAMEWORKS_FOLDER_PATH}/Parse.framework",
			);
			runOnlyForDeploymentPostprocessing = 0;
			shellPath = /bin/sh;
			shellScript = "\"${PODS_ROOT}/Target Support Files/Pods-ParseChat/Pods-ParseChat-frameworks.sh\"\n";
			showEnvVarsInLog = 0;
		};
		C25EA02A52DF78E0814D41EC /* [CP] Check Pods Manifest.lock */ = {
			isa = PBXShellScriptBuildPhase;
			buildActionMask = 2147483647;
			files = (
			);
			inputFileListPaths = (
			);
			inputPaths = (
				"${PODS_PODFILE_DIR_PATH}/Podfile.lock",
				"${PODS_ROOT}/Manifest.lock",
			);
			name = "[CP] Check Pods Manifest.lock";
			outputFileListPaths = (
			);
			outputPaths = (
				"$(DERIVED_FILE_DIR)/Pods-ParseChat-checkManifestLockResult.txt",
			);
			runOnlyForDeploymentPostprocessing = 0;
			shellPath = /bin/sh;
			shellScript = "diff \"${PODS_PODFILE_DIR_PATH}/Podfile.lock\" \"${PODS_ROOT}/Manifest.lock\" > /dev/null\nif [ $? != 0 ] ; then\n    # print error to STDERR\n    echo \"error: The sandbox is not in sync with the Podfile.lock. Run 'pod install' or update your CocoaPods installation.\" >&2\n    exit 1\nfi\n# This output is used by Xcode 'outputs' to avoid re-running this script phase.\necho \"SUCCESS\" > \"${SCRIPT_OUTPUT_FILE_0}\"\n";
			showEnvVarsInLog = 0;
		};
		FF05AEA71EF24FC11A842FE4 /* [CP] Check Pods Manifest.lock */ = {
			isa = PBXShellScriptBuildPhase;
			buildActionMask = 2147483647;
			files = (
			);
			inputFileListPaths = (
			);
			inputPaths = (
				"${PODS_PODFILE_DIR_PATH}/Podfile.lock",
				"${PODS_ROOT}/Manifest.lock",
			);
			name = "[CP] Check Pods Manifest.lock";
			outputFileListPaths = (
			);
			outputPaths = (
				"$(DERIVED_FILE_DIR)/Pods-ParseChatTests-checkManifestLockResult.txt",
			);
			runOnlyForDeploymentPostprocessing = 0;
			shellPath = /bin/sh;
			shellScript = "diff \"${PODS_PODFILE_DIR_PATH}/Podfile.lock\" \"${PODS_ROOT}/Manifest.lock\" > /dev/null\nif [ $? != 0 ] ; then\n    # print error to STDERR\n    echo \"error: The sandbox is not in sync with the Podfile.lock. Run 'pod install' or update your CocoaPods installation.\" >&2\n    exit 1\nfi\n# This output is used by Xcode 'outputs' to avoid re-running this script phase.\necho \"SUCCESS\" > \"${SCRIPT_OUTPUT_FILE_0}\"\n";
			showEnvVarsInLog = 0;
		};
/* End PBXShellScriptBuildPhase section */

/* Begin PBXSourcesBuildPhase section */
		7210599D2283F2DF0029CF3B /* Sources */ = {
			isa = PBXSourcesBuildPhase;
			buildActionMask = 2147483647;
			files = (
				7296BA1B2283F621009D9F08 /* LoginViewController.swift in Sources */,
				721059A52283F2DF0029CF3B /* AppDelegate.swift in Sources */,
				7296BA1D2283F9B7009D9F08 /* ChatTableViewController.swift in Sources */,
			);
			runOnlyForDeploymentPostprocessing = 0;
		};
		721059B12283F2E10029CF3B /* Sources */ = {
			isa = PBXSourcesBuildPhase;
			buildActionMask = 2147483647;
			files = (
				721059BA2283F2E10029CF3B /* ParseChatTests.swift in Sources */,
			);
			runOnlyForDeploymentPostprocessing = 0;
		};
		721059BC2283F2E10029CF3B /* Sources */ = {
			isa = PBXSourcesBuildPhase;
			buildActionMask = 2147483647;
			files = (
				721059C52283F2E10029CF3B /* ParseChatUITests.swift in Sources */,
			);
			runOnlyForDeploymentPostprocessing = 0;
		};
/* End PBXSourcesBuildPhase section */

/* Begin PBXTargetDependency section */
		721059B72283F2E10029CF3B /* PBXTargetDependency */ = {
			isa = PBXTargetDependency;
			target = 721059A02283F2DF0029CF3B /* ParseChat */;
			targetProxy = 721059B62283F2E10029CF3B /* PBXContainerItemProxy */;
		};
		721059C22283F2E10029CF3B /* PBXTargetDependency */ = {
			isa = PBXTargetDependency;
			target = 721059A02283F2DF0029CF3B /* ParseChat */;
			targetProxy = 721059C12283F2E10029CF3B /* PBXContainerItemProxy */;
		};
/* End PBXTargetDependency section */

/* Begin PBXVariantGroup section */
		721059A82283F2DF0029CF3B /* Main.storyboard */ = {
			isa = PBXVariantGroup;
			children = (
				721059A92283F2DF0029CF3B /* Base */,
			);
			name = Main.storyboard;
			sourceTree = "<group>";
		};
		721059AD2283F2E10029CF3B /* LaunchScreen.storyboard */ = {
			isa = PBXVariantGroup;
			children = (
				721059AE2283F2E10029CF3B /* Base */,
			);
			name = LaunchScreen.storyboard;
			sourceTree = "<group>";
		};
/* End PBXVariantGroup section */

/* Begin XCBuildConfiguration section */
		721059C72283F2E10029CF3B /* Debug */ = {
			isa = XCBuildConfiguration;
			buildSettings = {
				ALWAYS_SEARCH_USER_PATHS = NO;
				CLANG_ANALYZER_NONNULL = YES;
				CLANG_ANALYZER_NUMBER_OBJECT_CONVERSION = YES_AGGRESSIVE;
				CLANG_CXX_LANGUAGE_STANDARD = "gnu++14";
				CLANG_CXX_LIBRARY = "libc++";
				CLANG_ENABLE_MODULES = YES;
				CLANG_ENABLE_OBJC_ARC = YES;
				CLANG_ENABLE_OBJC_WEAK = YES;
				CLANG_WARN_BLOCK_CAPTURE_AUTORELEASING = YES;
				CLANG_WARN_BOOL_CONVERSION = YES;
				CLANG_WARN_COMMA = YES;
				CLANG_WARN_CONSTANT_CONVERSION = YES;
				CLANG_WARN_DEPRECATED_OBJC_IMPLEMENTATIONS = YES;
				CLANG_WARN_DIRECT_OBJC_ISA_USAGE = YES_ERROR;
				CLANG_WARN_DOCUMENTATION_COMMENTS = YES;
				CLANG_WARN_EMPTY_BODY = YES;
				CLANG_WARN_ENUM_CONVERSION = YES;
				CLANG_WARN_INFINITE_RECURSION = YES;
				CLANG_WARN_INT_CONVERSION = YES;
				CLANG_WARN_NON_LITERAL_NULL_CONVERSION = YES;
				CLANG_WARN_OBJC_IMPLICIT_RETAIN_SELF = YES;
				CLANG_WARN_OBJC_LITERAL_CONVERSION = YES;
				CLANG_WARN_OBJC_ROOT_CLASS = YES_ERROR;
				CLANG_WARN_RANGE_LOOP_ANALYSIS = YES;
				CLANG_WARN_STRICT_PROTOTYPES = YES;
				CLANG_WARN_SUSPICIOUS_MOVE = YES;
				CLANG_WARN_UNGUARDED_AVAILABILITY = YES_AGGRESSIVE;
				CLANG_WARN_UNREACHABLE_CODE = YES;
				CLANG_WARN__DUPLICATE_METHOD_MATCH = YES;
				CODE_SIGN_IDENTITY = "iPhone Developer";
				COPY_PHASE_STRIP = NO;
				DEBUG_INFORMATION_FORMAT = dwarf;
				ENABLE_STRICT_OBJC_MSGSEND = YES;
				ENABLE_TESTABILITY = YES;
				GCC_C_LANGUAGE_STANDARD = gnu11;
				GCC_DYNAMIC_NO_PIC = NO;
				GCC_NO_COMMON_BLOCKS = YES;
				GCC_OPTIMIZATION_LEVEL = 0;
				GCC_PREPROCESSOR_DEFINITIONS = (
					"DEBUG=1",
					"$(inherited)",
				);
				GCC_WARN_64_TO_32_BIT_CONVERSION = YES;
				GCC_WARN_ABOUT_RETURN_TYPE = YES_ERROR;
				GCC_WARN_UNDECLARED_SELECTOR = YES;
				GCC_WARN_UNINITIALIZED_AUTOS = YES_AGGRESSIVE;
				GCC_WARN_UNUSED_FUNCTION = YES;
				GCC_WARN_UNUSED_VARIABLE = YES;
				IPHONEOS_DEPLOYMENT_TARGET = 12.2;
				MTL_ENABLE_DEBUG_INFO = INCLUDE_SOURCE;
				MTL_FAST_MATH = YES;
				ONLY_ACTIVE_ARCH = YES;
				SDKROOT = iphoneos;
				SWIFT_ACTIVE_COMPILATION_CONDITIONS = DEBUG;
				SWIFT_OPTIMIZATION_LEVEL = "-Onone";
			};
			name = Debug;
		};
		721059C82283F2E10029CF3B /* Release */ = {
			isa = XCBuildConfiguration;
			buildSettings = {
				ALWAYS_SEARCH_USER_PATHS = NO;
				CLANG_ANALYZER_NONNULL = YES;
				CLANG_ANALYZER_NUMBER_OBJECT_CONVERSION = YES_AGGRESSIVE;
				CLANG_CXX_LANGUAGE_STANDARD = "gnu++14";
				CLANG_CXX_LIBRARY = "libc++";
				CLANG_ENABLE_MODULES = YES;
				CLANG_ENABLE_OBJC_ARC = YES;
				CLANG_ENABLE_OBJC_WEAK = YES;
				CLANG_WARN_BLOCK_CAPTURE_AUTORELEASING = YES;
				CLANG_WARN_BOOL_CONVERSION = YES;
				CLANG_WARN_COMMA = YES;
				CLANG_WARN_CONSTANT_CONVERSION = YES;
				CLANG_WARN_DEPRECATED_OBJC_IMPLEMENTATIONS = YES;
				CLANG_WARN_DIRECT_OBJC_ISA_USAGE = YES_ERROR;
				CLANG_WARN_DOCUMENTATION_COMMENTS = YES;
				CLANG_WARN_EMPTY_BODY = YES;
				CLANG_WARN_ENUM_CONVERSION = YES;
				CLANG_WARN_INFINITE_RECURSION = YES;
				CLANG_WARN_INT_CONVERSION = YES;
				CLANG_WARN_NON_LITERAL_NULL_CONVERSION = YES;
				CLANG_WARN_OBJC_IMPLICIT_RETAIN_SELF = YES;
				CLANG_WARN_OBJC_LITERAL_CONVERSION = YES;
				CLANG_WARN_OBJC_ROOT_CLASS = YES_ERROR;
				CLANG_WARN_RANGE_LOOP_ANALYSIS = YES;
				CLANG_WARN_STRICT_PROTOTYPES = YES;
				CLANG_WARN_SUSPICIOUS_MOVE = YES;
				CLANG_WARN_UNGUARDED_AVAILABILITY = YES_AGGRESSIVE;
				CLANG_WARN_UNREACHABLE_CODE = YES;
				CLANG_WARN__DUPLICATE_METHOD_MATCH = YES;
				CODE_SIGN_IDENTITY = "iPhone Developer";
				COPY_PHASE_STRIP = NO;
				DEBUG_INFORMATION_FORMAT = "dwarf-with-dsym";
				ENABLE_NS_ASSERTIONS = NO;
				ENABLE_STRICT_OBJC_MSGSEND = YES;
				GCC_C_LANGUAGE_STANDARD = gnu11;
				GCC_NO_COMMON_BLOCKS = YES;
				GCC_WARN_64_TO_32_BIT_CONVERSION = YES;
				GCC_WARN_ABOUT_RETURN_TYPE = YES_ERROR;
				GCC_WARN_UNDECLARED_SELECTOR = YES;
				GCC_WARN_UNINITIALIZED_AUTOS = YES_AGGRESSIVE;
				GCC_WARN_UNUSED_FUNCTION = YES;
				GCC_WARN_UNUSED_VARIABLE = YES;
				IPHONEOS_DEPLOYMENT_TARGET = 12.2;
				MTL_ENABLE_DEBUG_INFO = NO;
				MTL_FAST_MATH = YES;
				SDKROOT = iphoneos;
				SWIFT_COMPILATION_MODE = wholemodule;
				SWIFT_OPTIMIZATION_LEVEL = "-O";
				VALIDATE_PRODUCT = YES;
			};
			name = Release;
		};
		721059CA2283F2E10029CF3B /* Debug */ = {
			isa = XCBuildConfiguration;
			baseConfigurationReference = B9B0F6612E53458DF9C75863 /* Pods-ParseChat.debug.xcconfig */;
			buildSettings = {
				ASSETCATALOG_COMPILER_APPICON_NAME = AppIcon;
				CODE_SIGN_STYLE = Automatic;
				DEVELOPMENT_TEAM = 8E7FB8SA95;
				INFOPLIST_FILE = ParseChat/Info.plist;
				LD_RUNPATH_SEARCH_PATHS = (
					"$(inherited)",
					"@executable_path/Frameworks",
				);
				PRODUCT_BUNDLE_IDENTIFIER = "Philip-Yu.ParseChat";
				PRODUCT_NAME = "$(TARGET_NAME)";
				SWIFT_VERSION = 5.0;
				TARGETED_DEVICE_FAMILY = "1,2";
			};
			name = Debug;
		};
		721059CB2283F2E10029CF3B /* Release */ = {
			isa = XCBuildConfiguration;
			baseConfigurationReference = 14672B8A48024CD53C8C91C9 /* Pods-ParseChat.release.xcconfig */;
			buildSettings = {
				ASSETCATALOG_COMPILER_APPICON_NAME = AppIcon;
				CODE_SIGN_STYLE = Automatic;
				DEVELOPMENT_TEAM = 8E7FB8SA95;
				INFOPLIST_FILE = ParseChat/Info.plist;
				LD_RUNPATH_SEARCH_PATHS = (
					"$(inherited)",
					"@executable_path/Frameworks",
				);
				PRODUCT_BUNDLE_IDENTIFIER = "Philip-Yu.ParseChat";
				PRODUCT_NAME = "$(TARGET_NAME)";
				SWIFT_VERSION = 5.0;
				TARGETED_DEVICE_FAMILY = "1,2";
			};
			name = Release;
		};
		721059CD2283F2E10029CF3B /* Debug */ = {
			isa = XCBuildConfiguration;
			baseConfigurationReference = 8CBD887224D6A223175230CF /* Pods-ParseChatTests.debug.xcconfig */;
			buildSettings = {
				ALWAYS_EMBED_SWIFT_STANDARD_LIBRARIES = YES;
				BUNDLE_LOADER = "$(TEST_HOST)";
				CODE_SIGN_STYLE = Automatic;
				DEVELOPMENT_TEAM = 8E7FB8SA95;
				INFOPLIST_FILE = ParseChatTests/Info.plist;
				LD_RUNPATH_SEARCH_PATHS = (
					"$(inherited)",
					"@executable_path/Frameworks",
					"@loader_path/Frameworks",
				);
				PRODUCT_BUNDLE_IDENTIFIER = "Philip-Yu.ParseChatTests";
				PRODUCT_NAME = "$(TARGET_NAME)";
				SWIFT_VERSION = 5.0;
				TARGETED_DEVICE_FAMILY = "1,2";
				TEST_HOST = "$(BUILT_PRODUCTS_DIR)/ParseChat.app/ParseChat";
			};
			name = Debug;
		};
		721059CE2283F2E10029CF3B /* Release */ = {
			isa = XCBuildConfiguration;
			baseConfigurationReference = F7885C3D8EC4C59241CE4441 /* Pods-ParseChatTests.release.xcconfig */;
			buildSettings = {
				ALWAYS_EMBED_SWIFT_STANDARD_LIBRARIES = YES;
				BUNDLE_LOADER = "$(TEST_HOST)";
				CODE_SIGN_STYLE = Automatic;
				DEVELOPMENT_TEAM = 8E7FB8SA95;
				INFOPLIST_FILE = ParseChatTests/Info.plist;
				LD_RUNPATH_SEARCH_PATHS = (
					"$(inherited)",
					"@executable_path/Frameworks",
					"@loader_path/Frameworks",
				);
				PRODUCT_BUNDLE_IDENTIFIER = "Philip-Yu.ParseChatTests";
				PRODUCT_NAME = "$(TARGET_NAME)";
				SWIFT_VERSION = 5.0;
				TARGETED_DEVICE_FAMILY = "1,2";
				TEST_HOST = "$(BUILT_PRODUCTS_DIR)/ParseChat.app/ParseChat";
			};
			name = Release;
		};
		721059D02283F2E10029CF3B /* Debug */ = {
			isa = XCBuildConfiguration;
			baseConfigurationReference = D18D2102938AC7F5B35BC29A /* Pods-ParseChatUITests.debug.xcconfig */;
			buildSettings = {
				ALWAYS_EMBED_SWIFT_STANDARD_LIBRARIES = YES;
				CODE_SIGN_STYLE = Automatic;
				DEVELOPMENT_TEAM = 8E7FB8SA95;
				INFOPLIST_FILE = ParseChatUITests/Info.plist;
				LD_RUNPATH_SEARCH_PATHS = (
					"$(inherited)",
					"@executable_path/Frameworks",
					"@loader_path/Frameworks",
				);
				PRODUCT_BUNDLE_IDENTIFIER = "Philip-Yu.ParseChatUITests";
				PRODUCT_NAME = "$(TARGET_NAME)";
				SWIFT_VERSION = 5.0;
				TARGETED_DEVICE_FAMILY = "1,2";
				TEST_TARGET_NAME = ParseChat;
			};
			name = Debug;
		};
		721059D12283F2E10029CF3B /* Release */ = {
			isa = XCBuildConfiguration;
			baseConfigurationReference = 7196963BF98501469FCC5FF3 /* Pods-ParseChatUITests.release.xcconfig */;
			buildSettings = {
				ALWAYS_EMBED_SWIFT_STANDARD_LIBRARIES = YES;
				CODE_SIGN_STYLE = Automatic;
				DEVELOPMENT_TEAM = 8E7FB8SA95;
				INFOPLIST_FILE = ParseChatUITests/Info.plist;
				LD_RUNPATH_SEARCH_PATHS = (
					"$(inherited)",
					"@executable_path/Frameworks",
					"@loader_path/Frameworks",
				);
				PRODUCT_BUNDLE_IDENTIFIER = "Philip-Yu.ParseChatUITests";
				PRODUCT_NAME = "$(TARGET_NAME)";
				SWIFT_VERSION = 5.0;
				TARGETED_DEVICE_FAMILY = "1,2";
				TEST_TARGET_NAME = ParseChat;
			};
			name = Release;
		};
/* End XCBuildConfiguration section */

/* Begin XCConfigurationList section */
		7210599C2283F2DF0029CF3B /* Build configuration list for PBXProject "ParseChat" */ = {
			isa = XCConfigurationList;
			buildConfigurations = (
				721059C72283F2E10029CF3B /* Debug */,
				721059C82283F2E10029CF3B /* Release */,
			);
			defaultConfigurationIsVisible = 0;
			defaultConfigurationName = Release;
		};
		721059C92283F2E10029CF3B /* Build configuration list for PBXNativeTarget "ParseChat" */ = {
			isa = XCConfigurationList;
			buildConfigurations = (
				721059CA2283F2E10029CF3B /* Debug */,
				721059CB2283F2E10029CF3B /* Release */,
			);
			defaultConfigurationIsVisible = 0;
			defaultConfigurationName = Release;
		};
		721059CC2283F2E10029CF3B /* Build configuration list for PBXNativeTarget "ParseChatTests" */ = {
			isa = XCConfigurationList;
			buildConfigurations = (
				721059CD2283F2E10029CF3B /* Debug */,
				721059CE2283F2E10029CF3B /* Release */,
			);
			defaultConfigurationIsVisible = 0;
			defaultConfigurationName = Release;
		};
		721059CF2283F2E10029CF3B /* Build configuration list for PBXNativeTarget "ParseChatUITests" */ = {
			isa = XCConfigurationList;
			buildConfigurations = (
				721059D02283F2E10029CF3B /* Debug */,
				721059D12283F2E10029CF3B /* Release */,
			);
			defaultConfigurationIsVisible = 0;
			defaultConfigurationName = Release;
		};
/* End XCConfigurationList section */
	};
	rootObject = 721059992283F2DF0029CF3B /* Project object */;
}
